
Microsoft Visual Studio Solution File, Format Version 12.00
# Visual Studio Version 16
VisualStudioVersion = 16.0.808.2
MinimumVisualStudioVersion = 10.0.40219.1
Project("{FAE04EC0-301F-11D3-BF4B-00C04F79EFBC}") = "StudentsGrades", "StudentsGrades\StudentsGrades.csproj", "{F8D760FE-71C2-43C8-BBD7-3E58DB22338E}"
EndProject
Global
	GlobalSection(SolutionConfigurationPlatforms) = preSolution
		Debug|Any CPU = Debug|Any CPU
		Release|Any CPU = Release|Any CPU
	EndGlobalSection
	GlobalSection(ProjectConfigurationPlatforms) = postSolution
		{F8D760FE-71C2-43C8-BBD7-3E58DB22338E}.Debug|Any CPU.ActiveCfg = Debug|Any CPU
		{F8D760FE-71C2-43C8-BBD7-3E58DB22338E}.Debug|Any CPU.Build.0 = Debug|Any CPU
		{F8D760FE-71C2-43C8-BBD7-3E58DB22338E}.Release|Any CPU.ActiveCfg = Release|Any CPU
		{F8D760FE-71C2-43C8-BBD7-3E58DB22338E}.Release|Any CPU.Build.0 = Release|Any CPU
	EndGlobalSection
	GlobalSection(SolutionProperties) = preSolution
		HideSolutionNode = FALSE
	EndGlobalSection
	GlobalSection(ExtensibilityGlobals) = postSolution
		SolutionGuid = {D6CCD269-9DDD-4567-BFDE-8B12077F85DA}
	EndGlobalSection
EndGlobal
